# This file is @generated by PDM.
# It is not intended for manual editing.

[metadata]
groups = ["default"]
strategy = ["cross_platform", "inherit_metadata"]
lock_version = "4.4.1"
content_hash = "sha256:48b98c008fef58da48c91021542a427a64e2340d6f6466afd2fd47fac309d400"

[[package]]
name = "daemonize"
version = "2.5.0"
summary = "Library to enable your code run as a daemon process on Unix-like systems."
groups = ["default"]
files = [
    {file = "daemonize-2.5.0-py2.py3-none-any.whl", hash = "sha256:9b6b91311a9d934ff3f5f766666635ca280d3de8e7137e4cd7d3f052543b989f"},
    {file = "daemonize-2.5.0.tar.gz", hash = "sha256:dd026e4ff8d22cb016ed2130bc738b7d4b1da597ef93c074d2adb9e4dea08bc3"},
]
