# This file is @generated by PDM.
# It is not intended for manual editing.

[metadata]
groups = ["default"]
strategy = ["cross_platform", "inherit_metadata"]
lock_version = "4.4.1"
content_hash = "sha256:13595438b732b31fc5c18bfb5c10dd05d5a86278de9672c84f184c152d58fb8d"

[[package]]
name = "daemonize"
version = "2.5.0"
summary = "Library to enable your code run as a daemon process on Unix-like systems."
groups = ["default"]
files = [
    {file = "daemonize-2.5.0-py2.py3-none-any.whl", hash = "sha256:9b6b91311a9d934ff3f5f766666635ca280d3de8e7137e4cd7d3f052543b989f"},
    {file = "daemonize-2.5.0.tar.gz", hash = "sha256:dd026e4ff8d22cb016ed2130bc738b7d4b1da597ef93c074d2adb9e4dea08bc3"},
]

[[package]]
name = "frozendict"
version = "2.4.0"
requires_python = ">=3.6"
summary = "A simple immutable dictionary"
groups = ["default"]
files = [
    {file = "frozendict-2.4.0-cp310-cp310-macosx_10_9_x86_64.whl", hash = "sha256:475c65202a6f5421df8cacb8a2f29c5087134a0542b0540ae95fbf4db7af2ff9"},
    {file = "frozendict-2.4.0-cp310-cp310-macosx_11_0_arm64.whl", hash = "sha256:2607e82efdd2c277224a58bda3994d4cd48e49eff7fa31e404cf3066e8dbfeae"},
    {file = "frozendict-2.4.0-cp310-cp310-manylinux_2_17_aarch64.manylinux2014_aarch64.whl", hash = "sha256:2fd4583194baabe100c135883017da76259a315d34e303eddf198541b7e02e44"},
    {file = "frozendict-2.4.0-cp310-cp310-manylinux_2_17_x86_64.manylinux2014_x86_64.whl", hash = "sha256:efca7281184b54f7abab6980cf25837b709f72ced62791f62dabcd7b184d958a"},
    {file = "frozendict-2.4.0-cp310-cp310-musllinux_1_1_aarch64.whl", hash = "sha256:9fc4cba1ced988ce9020dfcaae6fe3f5521eebc00c5772b511aaf691b0be91e6"},
    {file = "frozendict-2.4.0-cp310-cp310-musllinux_1_1_x86_64.whl", hash = "sha256:8fab616e7c0fea2ac928f107c740bd9ba516fc083adfcd1c391d6bfc9164403d"},
    {file = "frozendict-2.4.0-cp310-cp310-win_amd64.whl", hash = "sha256:09ba8ee37d260adde311b8eb4cd12bf27f64071242f736757ae6a11d331eb860"},
    {file = "frozendict-2.4.0-cp310-cp310-win_arm64.whl", hash = "sha256:0615ed71570eec3cc96df063930ea6e563211efeeac86e3f3cc8bdfc9c9bfab7"},
    {file = "frozendict-2.4.0-cp38-cp38-macosx_10_9_x86_64.whl", hash = "sha256:204f2c5c10fc018d1ba8ccc67758aa83fe769c782547bd26dc250317a7ccba71"},
    {file = "frozendict-2.4.0-cp38-cp38-macosx_11_0_arm64.whl", hash = "sha256:d8d1d269874c94b1ed2b6667e5e43dcf4541838019b1caa4c48f848ac73634df"},
    {file = "frozendict-2.4.0-cp38-cp38-manylinux_2_17_aarch64.manylinux2014_aarch64.whl", hash = "sha256:809f1cffb602cf06e5186c69c0e3b74bec7a3684593145331f9aa2a65b5ba3b7"},
    {file = "frozendict-2.4.0-cp38-cp38-manylinux_2_17_x86_64.manylinux2014_x86_64.whl", hash = "sha256:b017cba5f73869b04c2977139ad08e57a7480de1e384c34193939698119baa1d"},
    {file = "frozendict-2.4.0-cp38-cp38-musllinux_1_1_aarch64.whl", hash = "sha256:0b75e5e231621dedaef88334997e79fbd137dd89895543d3862fe0220fc3572c"},
    {file = "frozendict-2.4.0-cp38-cp38-musllinux_1_1_x86_64.whl", hash = "sha256:df3819a5d48ab3aae1548e62093d0111ad7c3b62ff9392421b7bbf149c08b629"},
    {file = "frozendict-2.4.0-cp38-cp38-win_amd64.whl", hash = "sha256:42a9b33ccf9d417b22146e59803c53d5c39d7d9151d2df8df59c235f6a1a5ed7"},
    {file = "frozendict-2.4.0-cp39-cp39-macosx_10_9_x86_64.whl", hash = "sha256:a3f51bfa64e0c4a6608e3f2878bab1211a6b3b197de6fa57151bbe73f1184457"},
    {file = "frozendict-2.4.0-cp39-cp39-macosx_11_0_arm64.whl", hash = "sha256:a1d232f092dc686e6ef23d436bde30f82c018f31cef1b89b31caef03814b1617"},
    {file = "frozendict-2.4.0-cp39-cp39-manylinux_2_17_aarch64.manylinux2014_aarch64.whl", hash = "sha256:9e530658134e88607ff8c2c8934a07b2bb5e9fffab5045f127746f6542c6c77e"},
    {file = "frozendict-2.4.0-cp39-cp39-manylinux_2_17_x86_64.manylinux2014_x86_64.whl", hash = "sha256:23a52bbea30c9e35b89291273944393770fb031e522a172e3aff19b62cc50047"},
    {file = "frozendict-2.4.0-cp39-cp39-musllinux_1_1_aarch64.whl", hash = "sha256:f91acaff475d0ef0d3436b805c9b91fc627a6a8a281771a24f7ab7f458a0b34f"},
    {file = "frozendict-2.4.0-cp39-cp39-musllinux_1_1_x86_64.whl", hash = "sha256:08d9c7c1aa92b94538b3a79c43999f999012e174588435f197794d5e5a80e0f5"},
    {file = "frozendict-2.4.0-cp39-cp39-win_amd64.whl", hash = "sha256:05c5a77957ecba4286c7ab33861a8f4f2badc7ea86fc82b834fb360d3aa4c108"},
    {file = "frozendict-2.4.0-cp39-cp39-win_arm64.whl", hash = "sha256:c8af8a6a39e0050d3f3193cda56c42b43534a9b3995c44241bb9527e3c3fd451"},
    {file = "frozendict-2.4.0.tar.gz", hash = "sha256:c26758198e403337933a92b01f417a8240c954f553e1d4b5e0f8e39d9c8e3f0a"},
]

[[package]]
name = "plumbum"
version = "1.8.2"
requires_python = ">=3.6"
summary = "Plumbum: shell combinators library"
groups = ["default"]
dependencies = [
    "pywin32; platform_system == \"Windows\" and platform_python_implementation != \"PyPy\"",
]
files = [
    {file = "plumbum-1.8.2-py3-none-any.whl", hash = "sha256:3ad9e5f56c6ec98f6f7988f7ea8b52159662ea9e915868d369dbccbfca0e367e"},
    {file = "plumbum-1.8.2.tar.gz", hash = "sha256:9e6dc032f4af952665f32f3206567bc23b7858b1413611afe603a3f8ad9bfd75"},
]

[[package]]
name = "pywin32"
version = "306"
summary = "Python for Window Extensions"
groups = ["default"]
marker = "platform_system == \"Windows\" and platform_python_implementation != \"PyPy\""
files = [
    {file = "pywin32-306-cp310-cp310-win32.whl", hash = "sha256:06d3420a5155ba65f0b72f2699b5bacf3109f36acbe8923765c22938a69dfc8d"},
    {file = "pywin32-306-cp310-cp310-win_amd64.whl", hash = "sha256:84f4471dbca1887ea3803d8848a1616429ac94a4a8d05f4bc9c5dcfd42ca99c8"},
    {file = "pywin32-306-cp311-cp311-win32.whl", hash = "sha256:e65028133d15b64d2ed8f06dd9fbc268352478d4f9289e69c190ecd6818b6407"},
    {file = "pywin32-306-cp311-cp311-win_amd64.whl", hash = "sha256:a7639f51c184c0272e93f244eb24dafca9b1855707d94c192d4a0b4c01e1100e"},
    {file = "pywin32-306-cp311-cp311-win_arm64.whl", hash = "sha256:70dba0c913d19f942a2db25217d9a1b726c278f483a919f1abfed79c9cf64d3a"},
    {file = "pywin32-306-cp312-cp312-win32.whl", hash = "sha256:383229d515657f4e3ed1343da8be101000562bf514591ff383ae940cad65458b"},
    {file = "pywin32-306-cp312-cp312-win_amd64.whl", hash = "sha256:37257794c1ad39ee9be652da0462dc2e394c8159dfd913a8a4e8eb6fd346da0e"},
    {file = "pywin32-306-cp312-cp312-win_arm64.whl", hash = "sha256:5821ec52f6d321aa59e2db7e0a35b997de60c201943557d108af9d4ae1ec7040"},
    {file = "pywin32-306-cp38-cp38-win32.whl", hash = "sha256:e4c092e2589b5cf0d365849e73e02c391c1349958c5ac3e9d5ccb9a28e017b3a"},
    {file = "pywin32-306-cp38-cp38-win_amd64.whl", hash = "sha256:e8ac1ae3601bee6ca9f7cb4b5363bf1c0badb935ef243c4733ff9a393b1690c0"},
    {file = "pywin32-306-cp39-cp39-win32.whl", hash = "sha256:e25fd5b485b55ac9c057f67d94bc203f3f6595078d1fb3b458c9c28b7153a802"},
    {file = "pywin32-306-cp39-cp39-win_amd64.whl", hash = "sha256:39b61c15272833b5c329a2989999dcae836b1eed650252ab1b7bfbe1d59f30f4"},
]

[[package]]
name = "rpyc"
version = "6.0.0"
requires_python = ">=3.7"
summary = "Remote Python Call (RPyC) is a transparent and symmetric distributed computing library"
groups = ["default"]
dependencies = [
    "plumbum",
]
files = [
    {file = "rpyc-6.0.0-py3-none-any.whl", hash = "sha256:e86b5831378f794c623db46e8ade6fff766c56cf9dbe96886e614025b4647339"},
    {file = "rpyc-6.0.0.tar.gz", hash = "sha256:a7e12b31f40978cbd6b74e0b713da389d4b2565cef612adcb0f4b41aeb188230"},
]
